
Microsoft Visual Studio Solution File, Format Version 12.00
# Visual Studio Version 16
VisualStudioVersion = 16.0.30523.141
MinimumVisualStudioVersion = 10.0.40219.1
Project("{9A19103F-16F7-4668-BE54-9A1E7A4F7556}") = "API.Seguimiento", "API.Seguimiento\API.Seguimiento.csproj", "{02FC2885-261A-4841-8399-5411075F0472}"
EndProject
Project("{9A19103F-16F7-4668-BE54-9A1E7A4F7556}") = "Persistence", "Persistence\Persistence.csproj", "{C430C27C-BFA1-4089-97F6-4056535968D1}"
EndProject
Project("{9A19103F-16F7-4668-BE54-9A1E7A4F7556}") = "Application", "Application\Application.csproj", "{6646C6EE-B770-4F7A-B98E-945C065EDE39}"
EndProject
Project("{FAE04EC0-301F-11D3-BF4B-00C04F79EFBC}") = "Common", "Common\Common.csproj", "{6414386E-E2DE-4E1C-B175-A203E4FFAF72}"
EndProject
Project("{FAE04EC0-301F-11D3-BF4B-00C04F79EFBC}") = "Logger", "Logger\Logger.csproj", "{6FC639C1-31CA-414E-9C51-24B9F4284014}"
EndProject
Global
	GlobalSection(SolutionConfigurationPlatforms) = preSolution
		Debug|Any CPU = Debug|Any CPU
		Release|Any CPU = Release|Any CPU
	EndGlobalSection
	GlobalSection(ProjectConfigurationPlatforms) = postSolution
		{02FC2885-261A-4841-8399-5411075F0472}.Debug|Any CPU.ActiveCfg = Debug|Any CPU
		{02FC2885-261A-4841-8399-5411075F0472}.Debug|Any CPU.Build.0 = Debug|Any CPU
		{02FC2885-261A-4841-8399-5411075F0472}.Release|Any CPU.ActiveCfg = Release|Any CPU
		{02FC2885-261A-4841-8399-5411075F0472}.Release|Any CPU.Build.0 = Release|Any CPU
		{C430C27C-BFA1-4089-97F6-4056535968D1}.Debug|Any CPU.ActiveCfg = Debug|Any CPU
		{C430C27C-BFA1-4089-97F6-4056535968D1}.Debug|Any CPU.Build.0 = Debug|Any CPU
		{C430C27C-BFA1-4089-97F6-4056535968D1}.Release|Any CPU.ActiveCfg = Release|Any CPU
		{C430C27C-BFA1-4089-97F6-4056535968D1}.Release|Any CPU.Build.0 = Release|Any CPU
		{6646C6EE-B770-4F7A-B98E-945C065EDE39}.Debug|Any CPU.ActiveCfg = Debug|Any CPU
		{6646C6EE-B770-4F7A-B98E-945C065EDE39}.Debug|Any CPU.Build.0 = Debug|Any CPU
		{6646C6EE-B770-4F7A-B98E-945C065EDE39}.Release|Any CPU.ActiveCfg = Release|Any CPU
		{6646C6EE-B770-4F7A-B98E-945C065EDE39}.Release|Any CPU.Build.0 = Release|Any CPU
		{6414386E-E2DE-4E1C-B175-A203E4FFAF72}.Debug|Any CPU.ActiveCfg = Debug|Any CPU
		{6414386E-E2DE-4E1C-B175-A203E4FFAF72}.Debug|Any CPU.Build.0 = Debug|Any CPU
		{6414386E-E2DE-4E1C-B175-A203E4FFAF72}.Release|Any CPU.ActiveCfg = Release|Any CPU
		{6414386E-E2DE-4E1C-B175-A203E4FFAF72}.Release|Any CPU.Build.0 = Release|Any CPU
		{6FC639C1-31CA-414E-9C51-24B9F4284014}.Debug|Any CPU.ActiveCfg = Debug|Any CPU
		{6FC639C1-31CA-414E-9C51-24B9F4284014}.Debug|Any CPU.Build.0 = Debug|Any CPU
		{6FC639C1-31CA-414E-9C51-24B9F4284014}.Release|Any CPU.ActiveCfg = Release|Any CPU
		{6FC639C1-31CA-414E-9C51-24B9F4284014}.Release|Any CPU.Build.0 = Release|Any CPU
	EndGlobalSection
	GlobalSection(SolutionProperties) = preSolution
		HideSolutionNode = FALSE
	EndGlobalSection
	GlobalSection(ExtensibilityGlobals) = postSolution
		SolutionGuid = {00FB2F65-7E3C-427B-BA78-7712351DA5FD}
	EndGlobalSection
EndGlobal
